
Microsoft Visual Studio Solution File, Format Version 12.00
# Visual Studio Version 17
VisualStudioVersion = 17.5.33502.453
MinimumVisualStudioVersion = 10.0.40219.1
Project("{FAE04EC0-301F-11D3-BF4B-00C04F79EFBC}") = "WebIotN3", "WebIotN3\WebIotN3.csproj", "{84C5E884-2107-429B-B527-0AAC53050C51}"
EndProject
Global
	GlobalSection(SolutionConfigurationPlatforms) = preSolution
		Debug|Any CPU = Debug|Any CPU
		Release|Any CPU = Release|Any CPU
	EndGlobalSection
	GlobalSection(ProjectConfigurationPlatforms) = postSolution
		{84C5E884-2107-429B-B527-0AAC53050C51}.Debug|Any CPU.ActiveCfg = Debug|Any CPU
		{84C5E884-2107-429B-B527-0AAC53050C51}.Debug|Any CPU.Build.0 = Debug|Any CPU
		{84C5E884-2107-429B-B527-0AAC53050C51}.Release|Any CPU.ActiveCfg = Release|Any CPU
		{84C5E884-2107-429B-B527-0AAC53050C51}.Release|Any CPU.Build.0 = Release|Any CPU
	EndGlobalSection
	GlobalSection(SolutionProperties) = preSolution
		HideSolutionNode = FALSE
	EndGlobalSection
	GlobalSection(ExtensibilityGlobals) = postSolution
		SolutionGuid = {95471728-A010-4706-9948-7990114FC451}
	EndGlobalSection
EndGlobal
